
Microsoft Visual Studio Solution File, Format Version 12.00
# Visual Studio Version 16
VisualStudioVersion = 16.0.30204.135
MinimumVisualStudioVersion = 10.0.40219.1
Project("{9A19103F-16F7-4668-BE54-9A1E7A4F7556}") = "VueForm.SharedKernel", "VueForm.SharedKernel\VueForm.SharedKernel.csproj", "{41A6D107-6B4E-4F82-8870-62019D802C44}"
EndProject
Project("{9A19103F-16F7-4668-BE54-9A1E7A4F7556}") = "VueForm.Core", "VueForm.Core\VueForm.Core.csproj", "{34DDE750-E45E-4422-8AB2-701D52CC40C5}"
EndProject
Project("{9A19103F-16F7-4668-BE54-9A1E7A4F7556}") = "VueForm.Infrastructure", "VueForm.Infrastructure\VueForm.Infrastructure.csproj", "{3C534F4F-40AB-4A91-B7F8-C624CB4F6889}"
EndProject
Project("{9A19103F-16F7-4668-BE54-9A1E7A4F7556}") = "VueForm.Web", "VueForm.Web\VueForm.Web.csproj", "{200605AF-CED9-4633-A24C-42F9719A9F50}"
EndProject
Project("{9092AA53-FB77-4645-B42D-1CCCA6BD08BD}") = "VueForm.FrontEnd", "VueForm.FrontEnd\VueForm.FrontEnd.njsproj", "{0A617281-7BD3-489C-9D34-9C9F4907C323}"
EndProject
Global
	GlobalSection(SolutionConfigurationPlatforms) = preSolution
		Debug|Any CPU = Debug|Any CPU
		Release|Any CPU = Release|Any CPU
	EndGlobalSection
	GlobalSection(ProjectConfigurationPlatforms) = postSolution
		{41A6D107-6B4E-4F82-8870-62019D802C44}.Debug|Any CPU.ActiveCfg = Debug|Any CPU
		{41A6D107-6B4E-4F82-8870-62019D802C44}.Debug|Any CPU.Build.0 = Debug|Any CPU
		{41A6D107-6B4E-4F82-8870-62019D802C44}.Release|Any CPU.ActiveCfg = Release|Any CPU
		{41A6D107-6B4E-4F82-8870-62019D802C44}.Release|Any CPU.Build.0 = Release|Any CPU
		{34DDE750-E45E-4422-8AB2-701D52CC40C5}.Debug|Any CPU.ActiveCfg = Debug|Any CPU
		{34DDE750-E45E-4422-8AB2-701D52CC40C5}.Debug|Any CPU.Build.0 = Debug|Any CPU
		{34DDE750-E45E-4422-8AB2-701D52CC40C5}.Release|Any CPU.ActiveCfg = Release|Any CPU
		{34DDE750-E45E-4422-8AB2-701D52CC40C5}.Release|Any CPU.Build.0 = Release|Any CPU
		{3C534F4F-40AB-4A91-B7F8-C624CB4F6889}.Debug|Any CPU.ActiveCfg = Debug|Any CPU
		{3C534F4F-40AB-4A91-B7F8-C624CB4F6889}.Debug|Any CPU.Build.0 = Debug|Any CPU
		{3C534F4F-40AB-4A91-B7F8-C624CB4F6889}.Release|Any CPU.ActiveCfg = Release|Any CPU
		{3C534F4F-40AB-4A91-B7F8-C624CB4F6889}.Release|Any CPU.Build.0 = Release|Any CPU
		{200605AF-CED9-4633-A24C-42F9719A9F50}.Debug|Any CPU.ActiveCfg = Debug|Any CPU
		{200605AF-CED9-4633-A24C-42F9719A9F50}.Debug|Any CPU.Build.0 = Debug|Any CPU
		{200605AF-CED9-4633-A24C-42F9719A9F50}.Release|Any CPU.ActiveCfg = Release|Any CPU
		{200605AF-CED9-4633-A24C-42F9719A9F50}.Release|Any CPU.Build.0 = Release|Any CPU
		{0A617281-7BD3-489C-9D34-9C9F4907C323}.Debug|Any CPU.ActiveCfg = Debug|Any CPU
		{0A617281-7BD3-489C-9D34-9C9F4907C323}.Debug|Any CPU.Build.0 = Debug|Any CPU
		{0A617281-7BD3-489C-9D34-9C9F4907C323}.Release|Any CPU.ActiveCfg = Release|Any CPU
		{0A617281-7BD3-489C-9D34-9C9F4907C323}.Release|Any CPU.Build.0 = Release|Any CPU
	EndGlobalSection
	GlobalSection(SolutionProperties) = preSolution
		HideSolutionNode = FALSE
	EndGlobalSection
	GlobalSection(ExtensibilityGlobals) = postSolution
		SolutionGuid = {09B910C8-7398-4C2B-BD92-EAAE897767D8}
	EndGlobalSection
EndGlobal
